
Microsoft Visual Studio Solution File, Format Version 12.00
# Visual Studio Version 17
VisualStudioVersion = 17.14.36705.20 d17.14
MinimumVisualStudioVersion = 10.0.40219.1
Project("{8BC9CEB8-8B4A-11D0-8D11-00A0C91BC942}") = "AeronBridge", "AeronBridge.vcxproj", "{3C0B6A96-D771-4558-AF19-5D5502F452F2}"
EndProject
Global
	GlobalSection(SolutionConfigurationPlatforms) = preSolution
		Debug|x64 = Debug|x64
		Debug|x86 = Debug|x86
		Release|x64 = Release|x64
		Release|x86 = Release|x86
	EndGlobalSection
	GlobalSection(ProjectConfigurationPlatforms) = postSolution
		{3C0B6A96-D771-4558-AF19-5D5502F452F2}.Debug|x64.ActiveCfg = Debug|x64
		{3C0B6A96-D771-4558-AF19-5D5502F452F2}.Debug|x64.Build.0 = Debug|x64
		{3C0B6A96-D771-4558-AF19-5D5502F452F2}.Debug|x86.ActiveCfg = Debug|Win32
		{3C0B6A96-D771-4558-AF19-5D5502F452F2}.Debug|x86.Build.0 = Debug|Win32
		{3C0B6A96-D771-4558-AF19-5D5502F452F2}.Release|x64.ActiveCfg = Release|x64
		{3C0B6A96-D771-4558-AF19-5D5502F452F2}.Release|x64.Build.0 = Release|x64
		{3C0B6A96-D771-4558-AF19-5D5502F452F2}.Release|x86.ActiveCfg = Release|Win32
		{3C0B6A96-D771-4558-AF19-5D5502F452F2}.Release|x86.Build.0 = Release|Win32
	EndGlobalSection
	GlobalSection(SolutionProperties) = preSolution
		HideSolutionNode = FALSE
	EndGlobalSection
	GlobalSection(ExtensibilityGlobals) = postSolution
		SolutionGuid = {843DCD66-CF8A-4B51-BB71-F54A9CD67BDB}
	EndGlobalSection
EndGlobal
